
Microsoft Visual Studio Solution File, Format Version 12.00
# Visual Studio Version 17
VisualStudioVersion = 17.4.33205.214
MinimumVisualStudioVersion = 10.0.40219.1
Project("{FAE04EC0-301F-11D3-BF4B-00C04F79EFBC}") = "GSMBulk", "GSMBulk\GSMBulk.csproj", "{F110935D-A773-4A74-AE0E-22F7D4CBE344}"
EndProject
Project("{FAE04EC0-301F-11D3-BF4B-00C04F79EFBC}") = "GSMBulk.API", "GSMBulk.API\GSMBulk.API.csproj", "{46C287C6-82FE-4BAD-91BA-2AED63F15023}"
EndProject
Global
	GlobalSection(SolutionConfigurationPlatforms) = preSolution
		Debug|Any CPU = Debug|Any CPU
		Release|Any CPU = Release|Any CPU
	EndGlobalSection
	GlobalSection(ProjectConfigurationPlatforms) = postSolution
		{F110935D-A773-4A74-AE0E-22F7D4CBE344}.Debug|Any CPU.ActiveCfg = Debug|Any CPU
		{F110935D-A773-4A74-AE0E-22F7D4CBE344}.Debug|Any CPU.Build.0 = Debug|Any CPU
		{F110935D-A773-4A74-AE0E-22F7D4CBE344}.Release|Any CPU.ActiveCfg = Release|Any CPU
		{F110935D-A773-4A74-AE0E-22F7D4CBE344}.Release|Any CPU.Build.0 = Release|Any CPU
		{46C287C6-82FE-4BAD-91BA-2AED63F15023}.Debug|Any CPU.ActiveCfg = Debug|Any CPU
		{46C287C6-82FE-4BAD-91BA-2AED63F15023}.Debug|Any CPU.Build.0 = Debug|Any CPU
		{46C287C6-82FE-4BAD-91BA-2AED63F15023}.Release|Any CPU.ActiveCfg = Release|Any CPU
		{46C287C6-82FE-4BAD-91BA-2AED63F15023}.Release|Any CPU.Build.0 = Release|Any CPU
	EndGlobalSection
	GlobalSection(SolutionProperties) = preSolution
		HideSolutionNode = FALSE
	EndGlobalSection
	GlobalSection(ExtensibilityGlobals) = postSolution
		SolutionGuid = {77E1816A-A70A-4E46-9887-B39F7EEBDC9A}
	EndGlobalSection
EndGlobal
